
Microsoft Visual Studio Solution File, Format Version 12.00
# Visual Studio Version 16
VisualStudioVersion = 16.0.30804.86
MinimumVisualStudioVersion = 10.0.40219.1
Project("{FAE04EC0-301F-11D3-BF4B-00C04F79EFBC}") = "23.01.2021", "23.01.2021\23.01.2021.csproj", "{A7E59CA7-BBD7-4737-8A43-914F4AA20049}"
EndProject
Global
	GlobalSection(SolutionConfigurationPlatforms) = preSolution
		Debug|Any CPU = Debug|Any CPU
		Release|Any CPU = Release|Any CPU
	EndGlobalSection
	GlobalSection(ProjectConfigurationPlatforms) = postSolution
		{A7E59CA7-BBD7-4737-8A43-914F4AA20049}.Debug|Any CPU.ActiveCfg = Debug|Any CPU
		{A7E59CA7-BBD7-4737-8A43-914F4AA20049}.Debug|Any CPU.Build.0 = Debug|Any CPU
		{A7E59CA7-BBD7-4737-8A43-914F4AA20049}.Release|Any CPU.ActiveCfg = Release|Any CPU
		{A7E59CA7-BBD7-4737-8A43-914F4AA20049}.Release|Any CPU.Build.0 = Release|Any CPU
	EndGlobalSection
	GlobalSection(SolutionProperties) = preSolution
		HideSolutionNode = FALSE
	EndGlobalSection
	GlobalSection(ExtensibilityGlobals) = postSolution
		SolutionGuid = {F72949F8-C66F-4404-A3D7-BE7D52774087}
	EndGlobalSection
EndGlobal
